
Microsoft Visual Studio Solution File, Format Version 12.00
# Visual Studio Version 17
VisualStudioVersion = 17.13.35825.156 d17.13
MinimumVisualStudioVersion = 10.0.40219.1
Project("{FAE04EC0-301F-11D3-BF4B-00C04F79EFBC}") = "ClubeDoLivro.ConsoleApp", "ClubeDoLivro.ConsoleApp\ClubeDoLivro.ConsoleApp.csproj", "{8522E56C-87DF-4DF1-928C-56CFCFF0E113}"
EndProject
Global
	GlobalSection(SolutionConfigurationPlatforms) = preSolution
		Debug|Any CPU = Debug|Any CPU
		Release|Any CPU = Release|Any CPU
	EndGlobalSection
	GlobalSection(ProjectConfigurationPlatforms) = postSolution
		{8522E56C-87DF-4DF1-928C-56CFCFF0E113}.Debug|Any CPU.ActiveCfg = Debug|Any CPU
		{8522E56C-87DF-4DF1-928C-56CFCFF0E113}.Debug|Any CPU.Build.0 = Debug|Any CPU
		{8522E56C-87DF-4DF1-928C-56CFCFF0E113}.Release|Any CPU.ActiveCfg = Release|Any CPU
		{8522E56C-87DF-4DF1-928C-56CFCFF0E113}.Release|Any CPU.Build.0 = Release|Any CPU
	EndGlobalSection
	GlobalSection(SolutionProperties) = preSolution
		HideSolutionNode = FALSE
	EndGlobalSection
	GlobalSection(ExtensibilityGlobals) = postSolution
		SolutionGuid = {640F6D3D-CAA6-410A-834F-DA71B1006AB7}
	EndGlobalSection
EndGlobal
